
Microsoft Visual Studio Solution File, Format Version 12.00
# Visual Studio Version 16
VisualStudioVersion = 16.0.30804.86
MinimumVisualStudioVersion = 10.0.40219.1
Project("{9A19103F-16F7-4668-BE54-9A1E7A4F7556}") = "libvlcsharp-volumechanged-repo", "libvlcsharp-volumechanged-repo.csproj", "{72858B13-F406-49CC-AAEB-6910B37ACB7B}"
EndProject
Global
	GlobalSection(SolutionConfigurationPlatforms) = preSolution
		Debug|Any CPU = Debug|Any CPU
		Debug|x64 = Debug|x64
		Debug|x86 = Debug|x86
		Release|Any CPU = Release|Any CPU
		Release|x64 = Release|x64
		Release|x86 = Release|x86
	EndGlobalSection
	GlobalSection(ProjectConfigurationPlatforms) = postSolution
		{72858B13-F406-49CC-AAEB-6910B37ACB7B}.Debug|Any CPU.ActiveCfg = Debug|Any CPU
		{72858B13-F406-49CC-AAEB-6910B37ACB7B}.Debug|Any CPU.Build.0 = Debug|Any CPU
		{72858B13-F406-49CC-AAEB-6910B37ACB7B}.Debug|x64.ActiveCfg = Debug|x64
		{72858B13-F406-49CC-AAEB-6910B37ACB7B}.Debug|x64.Build.0 = Debug|x64
		{72858B13-F406-49CC-AAEB-6910B37ACB7B}.Debug|x86.ActiveCfg = Debug|x86
		{72858B13-F406-49CC-AAEB-6910B37ACB7B}.Debug|x86.Build.0 = Debug|x86
		{72858B13-F406-49CC-AAEB-6910B37ACB7B}.Release|Any CPU.ActiveCfg = Release|Any CPU
		{72858B13-F406-49CC-AAEB-6910B37ACB7B}.Release|Any CPU.Build.0 = Release|Any CPU
		{72858B13-F406-49CC-AAEB-6910B37ACB7B}.Release|x64.ActiveCfg = Release|x64
		{72858B13-F406-49CC-AAEB-6910B37ACB7B}.Release|x64.Build.0 = Release|x64
		{72858B13-F406-49CC-AAEB-6910B37ACB7B}.Release|x86.ActiveCfg = Release|x86
		{72858B13-F406-49CC-AAEB-6910B37ACB7B}.Release|x86.Build.0 = Release|x86
	EndGlobalSection
	GlobalSection(SolutionProperties) = preSolution
		HideSolutionNode = FALSE
	EndGlobalSection
	GlobalSection(ExtensibilityGlobals) = postSolution
		SolutionGuid = {7CBD79D9-FCA4-4BDE-9929-D19A8AF7FE03}
	EndGlobalSection
EndGlobal
